// !$*UTF8*$!
{
	archiveVersion = 1;
	classes = {
	};
	objectVersion = 56;
	objects = {

/* Begin PBXBuildFile section */
		D0D816A22C76BE620040E26A /* SuperiorPerfilView.swift in Sources */ = {isa = PBXBuildFile; fileRef = D0D816A12C76BE620040E26A /* SuperiorPerfilView.swift */; };
		FB6F28D92C6FAB0A00201296 /* CARITAS_frontendApp.swift in Sources */ = {isa = PBXBuildFile; fileRef = FB6F28D82C6FAB0A00201296 /* CARITAS_frontendApp.swift */; };
		FB6F28DB2C6FAB0A00201296 /* ContentView.swift in Sources */ = {isa = PBXBuildFile; fileRef = FB6F28DA2C6FAB0A00201296 /* ContentView.swift */; };
		FB6F28DD2C6FAB0E00201296 /* Assets.xcassets in Resources */ = {isa = PBXBuildFile; fileRef = FB6F28DC2C6FAB0E00201296 /* Assets.xcassets */; };
		FB6F28E02C6FAB0E00201296 /* Preview Assets.xcassets in Resources */ = {isa = PBXBuildFile; fileRef = FB6F28DF2C6FAB0E00201296 /* Preview Assets.xcassets */; };
		FBE4FC4A2C7639D10042880E /* PerfilView.swift in Sources */ = {isa = PBXBuildFile; fileRef = FBE4FC492C7639D10042880E /* PerfilView.swift */; };
		FBE4FC4C2C763A000042880E /* TiendaView.swift in Sources */ = {isa = PBXBuildFile; fileRef = FBE4FC4B2C763A000042880E /* TiendaView.swift */; };
		FBE4FC4E2C763AF80042880E /* DashboardView.swift in Sources */ = {isa = PBXBuildFile; fileRef = FBE4FC4D2C763AF80042880E /* DashboardView.swift */; };
		FBE4FC502C7642490042880E /* MainView.swift in Sources */ = {isa = PBXBuildFile; fileRef = FBE4FC4F2C7642490042880E /* MainView.swift */; };
/* End PBXBuildFile section */

/* Begin PBXFileReference section */
		D0D816A12C76BE620040E26A /* SuperiorPerfilView.swift */ = {isa = PBXFileReference; lastKnownFileType = sourcecode.swift; path = SuperiorPerfilView.swift; sourceTree = "<group>"; };
		FB6F28D52C6FAB0A00201296 /* CARITAS_frontend.app */ = {isa = PBXFileReference; explicitFileType = wrapper.application; includeInIndex = 0; path = CARITAS_frontend.app; sourceTree = BUILT_PRODUCTS_DIR; };
		FB6F28D82C6FAB0A00201296 /* CARITAS_frontendApp.swift */ = {isa = PBXFileReference; lastKnownFileType = sourcecode.swift; path = CARITAS_frontendApp.swift; sourceTree = "<group>"; };
		FB6F28DA2C6FAB0A00201296 /* ContentView.swift */ = {isa = PBXFileReference; lastKnownFileType = sourcecode.swift; path = ContentView.swift; sourceTree = "<group>"; };
		FB6F28DC2C6FAB0E00201296 /* Assets.xcassets */ = {isa = PBXFileReference; lastKnownFileType = folder.assetcatalog; path = Assets.xcassets; sourceTree = "<group>"; };
		FB6F28DF2C6FAB0E00201296 /* Preview Assets.xcassets */ = {isa = PBXFileReference; lastKnownFileType = folder.assetcatalog; path = "Preview Assets.xcassets"; sourceTree = "<group>"; };
		FBE4FC492C7639D10042880E /* PerfilView.swift */ = {isa = PBXFileReference; lastKnownFileType = sourcecode.swift; path = PerfilView.swift; sourceTree = "<group>"; };
		FBE4FC4B2C763A000042880E /* TiendaView.swift */ = {isa = PBXFileReference; lastKnownFileType = sourcecode.swift; path = TiendaView.swift; sourceTree = "<group>"; };
		FBE4FC4D2C763AF80042880E /* DashboardView.swift */ = {isa = PBXFileReference; lastKnownFileType = sourcecode.swift; path = DashboardView.swift; sourceTree = "<group>"; };
		FBE4FC4F2C7642490042880E /* MainView.swift */ = {isa = PBXFileReference; lastKnownFileType = sourcecode.swift; path = MainView.swift; sourceTree = "<group>"; };
/* End PBXFileReference section */

/* Begin PBXFrameworksBuildPhase section */
		FB6F28D22C6FAB0A00201296 /* Frameworks */ = {
			isa = PBXFrameworksBuildPhase;
			buildActionMask = 2147483647;
			files = (
			);
			runOnlyForDeploymentPostprocessing = 0;
		};
/* End PBXFrameworksBuildPhase section */

/* Begin PBXGroup section */
		FB6F28CC2C6FAB0A00201296 = {
			isa = PBXGroup;
			children = (
				FB6F28D72C6FAB0A00201296 /* CARITAS_frontend */,
				FB6F28D62C6FAB0A00201296 /* Products */,
			);
			sourceTree = "<group>";
		};
		FB6F28D62C6FAB0A00201296 /* Products */ = {
			isa = PBXGroup;
			children = (
				FB6F28D52C6FAB0A00201296 /* CARITAS_frontend.app */,
			);
			name = Products;
			sourceTree = "<group>";
		};
		FB6F28D72C6FAB0A00201296 /* CARITAS_frontend */ = {
			isa = PBXGroup;
			children = (
				FB6F28D82C6FAB0A00201296 /* CARITAS_frontendApp.swift */,
				FB6F28DA2C6FAB0A00201296 /* ContentView.swift */,
				FBE4FC4D2C763AF80042880E /* DashboardView.swift */,
				FBE4FC4B2C763A000042880E /* TiendaView.swift */,
				FBE4FC492C7639D10042880E /* PerfilView.swift */,
				D0D816A12C76BE620040E26A /* SuperiorPerfilView.swift */,
				FBE4FC4F2C7642490042880E /* MainView.swift */,
				FB6F28DC2C6FAB0E00201296 /* Assets.xcassets */,
				FB6F28DE2C6FAB0E00201296 /* Preview Content */,
			);
			path = CARITAS_frontend;
			sourceTree = "<group>";
		};
		FB6F28DE2C6FAB0E00201296 /* Preview Content */ = {
			isa = PBXGroup;
			children = (
				FB6F28DF2C6FAB0E00201296 /* Preview Assets.xcassets */,
			);
			path = "Preview Content";
			sourceTree = "<group>";
		};
/* End PBXGroup section */

/* Begin PBXNativeTarget section */
		FB6F28D42C6FAB0A00201296 /* CARITAS_frontend */ = {
			isa = PBXNativeTarget;
			buildConfigurationList = FB6F28E32C6FAB0E00201296 /* Build configuration list for PBXNativeTarget "CARITAS_frontend" */;
			buildPhases = (
				FB6F28D12C6FAB0A00201296 /* Sources */,
				FB6F28D22C6FAB0A00201296 /* Frameworks */,
				FB6F28D32C6FAB0A00201296 /* Resources */,
			);
			buildRules = (
			);
			dependencies = (
			);
			name = CARITAS_frontend;
			productName = CARITAS_frontend;
			productReference = FB6F28D52C6FAB0A00201296 /* CARITAS_frontend.app */;
			productType = "com.apple.product-type.application";
		};
/* End PBXNativeTarget section */

/* Begin PBXProject section */
		FB6F28CD2C6FAB0A00201296 /* Project object */ = {
			isa = PBXProject;
			attributes = {
				BuildIndependentTargetsInParallel = 1;
				LastSwiftUpdateCheck = 1540;
				LastUpgradeCheck = 1540;
				TargetAttributes = {
					FB6F28D42C6FAB0A00201296 = {
						CreatedOnToolsVersion = 15.4;
					};
				};
			};
			buildConfigurationList = FB6F28D02C6FAB0A00201296 /* Build configuration list for PBXProject "CARITAS_frontend" */;
			compatibilityVersion = "Xcode 14.0";
			developmentRegion = en;
			hasScannedForEncodings = 0;
			knownRegions = (
				en,
				Base,
			);
			mainGroup = FB6F28CC2C6FAB0A00201296;
			productRefGroup = FB6F28D62C6FAB0A00201296 /* Products */;
			projectDirPath = "";
			projectRoot = "";
			targets = (
				FB6F28D42C6FAB0A00201296 /* CARITAS_frontend */,
			);
		};
/* End PBXProject section */

/* Begin PBXResourcesBuildPhase section */
		FB6F28D32C6FAB0A00201296 /* Resources */ = {
			isa = PBXResourcesBuildPhase;
			buildActionMask = 2147483647;
			files = (
				FB6F28E02C6FAB0E00201296 /* Preview Assets.xcassets in Resources */,
				FB6F28DD2C6FAB0E00201296 /* Assets.xcassets in Resources */,
			);
			runOnlyForDeploymentPostprocessing = 0;
		};
/* End PBXResourcesBuildPhase section */

/* Begin PBXSourcesBuildPhase section */
		FB6F28D12C6FAB0A00201296 /* Sources */ = {
			isa = PBXSourcesBuildPhase;
			buildActionMask = 2147483647;
			files = (
				D0D816A22C76BE620040E26A /* SuperiorPerfilView.swift in Sources */,
				FBE4FC4A2C7639D10042880E /* PerfilView.swift in Sources */,
				FBE4FC502C7642490042880E /* MainView.swift in Sources */,
				FBE4FC4E2C763AF80042880E /* DashboardView.swift in Sources */,
				FB6F28DB2C6FAB0A00201296 /* ContentView.swift in Sources */,
				FBE4FC4C2C763A000042880E /* TiendaView.swift in Sources */,
				FB6F28D92C6FAB0A00201296 /* CARITAS_frontendApp.swift in Sources */,
			);
			runOnlyForDeploymentPostprocessing = 0;
		};
/* End PBXSourcesBuildPhase section */

/* Begin XCBuildConfiguration section */
		FB6F28E12C6FAB0E00201296 /* Debug */ = {
			isa = XCBuildConfiguration;
			buildSettings = {
				ALWAYS_SEARCH_USER_PATHS = NO;
				ASSETCATALOG_COMPILER_GENERATE_SWIFT_ASSET_SYMBOL_EXTENSIONS = YES;
				CLANG_ANALYZER_NONNULL = YES;
				CLANG_ANALYZER_NUMBER_OBJECT_CONVERSION = YES_AGGRESSIVE;
				CLANG_CXX_LANGUAGE_STANDARD = "gnu++20";
				CLANG_ENABLE_MODULES = YES;
				CLANG_ENABLE_OBJC_ARC = YES;
				CLANG_ENABLE_OBJC_WEAK = YES;
				CLANG_WARN_BLOCK_CAPTURE_AUTORELEASING = YES;
				CLANG_WARN_BOOL_CONVERSION = YES;
				CLANG_WARN_COMMA = YES;
				CLANG_WARN_CONSTANT_CONVERSION = YES;
				CLANG_WARN_DEPRECATED_OBJC_IMPLEMENTATIONS = YES;
				CLANG_WARN_DIRECT_OBJC_ISA_USAGE = YES_ERROR;
				CLANG_WARN_DOCUMENTATION_COMMENTS = YES;
				CLANG_WARN_EMPTY_BODY = YES;
				CLANG_WARN_ENUM_CONVERSION = YES;
				CLANG_WARN_INFINITE_RECURSION = YES;
				CLANG_WARN_INT_CONVERSION = YES;
				CLANG_WARN_NON_LITERAL_NULL_CONVERSION = YES;
				CLANG_WARN_OBJC_IMPLICIT_RETAIN_SELF = YES;
				CLANG_WARN_OBJC_LITERAL_CONVERSION = YES;
				CLANG_WARN_OBJC_ROOT_CLASS = YES_ERROR;
				CLANG_WARN_QUOTED_INCLUDE_IN_FRAMEWORK_HEADER = YES;
				CLANG_WARN_RANGE_LOOP_ANALYSIS = YES;
				CLANG_WARN_STRICT_PROTOTYPES = YES;
				CLANG_WARN_SUSPICIOUS_MOVE = YES;
				CLANG_WARN_UNGUARDED_AVAILABILITY = YES_AGGRESSIVE;
				CLANG_WARN_UNREACHABLE_CODE = YES;
				CLANG_WARN__DUPLICATE_METHOD_MATCH = YES;
				COPY_PHASE_STRIP = NO;
				DEBUG_INFORMATION_FORMAT = dwarf;
				ENABLE_STRICT_OBJC_MSGSEND = YES;
				ENABLE_TESTABILITY = YES;
				ENABLE_USER_SCRIPT_SANDBOXING = YES;
				GCC_C_LANGUAGE_STANDARD = gnu17;
				GCC_DYNAMIC_NO_PIC = NO;
				GCC_NO_COMMON_BLOCKS = YES;
				GCC_OPTIMIZATION_LEVEL = 0;
				GCC_PREPROCESSOR_DEFINITIONS = (
					"DEBUG=1",
					"$(inherited)",
				);
				GCC_WARN_64_TO_32_BIT_CONVERSION = YES;
				GCC_WARN_ABOUT_RETURN_TYPE = YES_ERROR;
				GCC_WARN_UNDECLARED_SELECTOR = YES;
				GCC_WARN_UNINITIALIZED_AUTOS = YES_AGGRESSIVE;
				GCC_WARN_UNUSED_FUNCTION = YES;
				GCC_WARN_UNUSED_VARIABLE = YES;
				IPHONEOS_DEPLOYMENT_TARGET = 17.5;
				LOCALIZATION_PREFERS_STRING_CATALOGS = YES;
				MTL_ENABLE_DEBUG_INFO = INCLUDE_SOURCE;
				MTL_FAST_MATH = YES;
				ONLY_ACTIVE_ARCH = YES;
				SDKROOT = iphoneos;
				SWIFT_ACTIVE_COMPILATION_CONDITIONS = "DEBUG $(inherited)";
				SWIFT_OPTIMIZATION_LEVEL = "-Onone";
			};
			name = Debug;
		};
		FB6F28E22C6FAB0E00201296 /* Release */ = {
			isa = XCBuildConfiguration;
			buildSettings = {
				ALWAYS_SEARCH_USER_PATHS = NO;
				ASSETCATALOG_COMPILER_GENERATE_SWIFT_ASSET_SYMBOL_EXTENSIONS = YES;
				CLANG_ANALYZER_NONNULL = YES;
				CLANG_ANALYZER_NUMBER_OBJECT_CONVERSION = YES_AGGRESSIVE;
				CLANG_CXX_LANGUAGE_STANDARD = "gnu++20";
				CLANG_ENABLE_MODULES = YES;
				CLANG_ENABLE_OBJC_ARC = YES;
				CLANG_ENABLE_OBJC_WEAK = YES;
				CLANG_WARN_BLOCK_CAPTURE_AUTORELEASING = YES;
				CLANG_WARN_BOOL_CONVERSION = YES;
				CLANG_WARN_COMMA = YES;
				CLANG_WARN_CONSTANT_CONVERSION = YES;
				CLANG_WARN_DEPRECATED_OBJC_IMPLEMENTATIONS = YES;
				CLANG_WARN_DIRECT_OBJC_ISA_USAGE = YES_ERROR;
				CLANG_WARN_DOCUMENTATION_COMMENTS = YES;
				CLANG_WARN_EMPTY_BODY = YES;
				CLANG_WARN_ENUM_CONVERSION = YES;
				CLANG_WARN_INFINITE_RECURSION = YES;
				CLANG_WARN_INT_CONVERSION = YES;
				CLANG_WARN_NON_LITERAL_NULL_CONVERSION = YES;
				CLANG_WARN_OBJC_IMPLICIT_RETAIN_SELF = YES;
				CLANG_WARN_OBJC_LITERAL_CONVERSION = YES;
				CLANG_WARN_OBJC_ROOT_CLASS = YES_ERROR;
				CLANG_WARN_QUOTED_INCLUDE_IN_FRAMEWORK_HEADER = YES;
				CLANG_WARN_RANGE_LOOP_ANALYSIS = YES;
				CLANG_WARN_STRICT_PROTOTYPES = YES;
				CLANG_WARN_SUSPICIOUS_MOVE = YES;
				CLANG_WARN_UNGUARDED_AVAILABILITY = YES_AGGRESSIVE;
				CLANG_WARN_UNREACHABLE_CODE = YES;
				CLANG_WARN__DUPLICATE_METHOD_MATCH = YES;
				COPY_PHASE_STRIP = NO;
				DEBUG_INFORMATION_FORMAT = "dwarf-with-dsym";
				ENABLE_NS_ASSERTIONS = NO;
				ENABLE_STRICT_OBJC_MSGSEND = YES;
				ENABLE_USER_SCRIPT_SANDBOXING = YES;
				GCC_C_LANGUAGE_STANDARD = gnu17;
				GCC_NO_COMMON_BLOCKS = YES;
				GCC_WARN_64_TO_32_BIT_CONVERSION = YES;
				GCC_WARN_ABOUT_RETURN_TYPE = YES_ERROR;
				GCC_WARN_UNDECLARED_SELECTOR = YES;
				GCC_WARN_UNINITIALIZED_AUTOS = YES_AGGRESSIVE;
				GCC_WARN_UNUSED_FUNCTION = YES;
				GCC_WARN_UNUSED_VARIABLE = YES;
				IPHONEOS_DEPLOYMENT_TARGET = 17.5;
				LOCALIZATION_PREFERS_STRING_CATALOGS = YES;
				MTL_ENABLE_DEBUG_INFO = NO;
				MTL_FAST_MATH = YES;
				SDKROOT = iphoneos;
				SWIFT_COMPILATION_MODE = wholemodule;
				VALIDATE_PRODUCT = YES;
			};
			name = Release;
		};
		FB6F28E42C6FAB0E00201296 /* Debug */ = {
			isa = XCBuildConfiguration;
			buildSettings = {
				ASSETCATALOG_COMPILER_APPICON_NAME = AppIcon;
				ASSETCATALOG_COMPILER_GLOBAL_ACCENT_COLOR_NAME = AccentColor;
				CODE_SIGN_STYLE = Automatic;
				CURRENT_PROJECT_VERSION = 1;
				DEVELOPMENT_ASSET_PATHS = "\"CARITAS_frontend/Preview Content\"";
				ENABLE_PREVIEWS = YES;
				GENERATE_INFOPLIST_FILE = YES;
				INFOPLIST_KEY_UIApplicationSceneManifest_Generation = YES;
				INFOPLIST_KEY_UIApplicationSupportsIndirectInputEvents = YES;
				INFOPLIST_KEY_UILaunchScreen_Generation = YES;
				INFOPLIST_KEY_UISupportedInterfaceOrientations_iPad = "UIInterfaceOrientationPortrait UIInterfaceOrientationPortraitUpsideDown UIInterfaceOrientationLandscapeLeft UIInterfaceOrientationLandscapeRight";
				INFOPLIST_KEY_UISupportedInterfaceOrientations_iPhone = "UIInterfaceOrientationPortrait UIInterfaceOrientationLandscapeLeft UIInterfaceOrientationLandscapeRight";
				LD_RUNPATH_SEARCH_PATHS = (
					"$(inherited)",
					"@executable_path/Frameworks",
				);
				MARKETING_VERSION = 1.0;
				PRODUCT_BUNDLE_IDENTIFIER = "tec.mx.CARITAS-frontend";
				PRODUCT_NAME = "$(TARGET_NAME)";
				SWIFT_EMIT_LOC_STRINGS = YES;
				SWIFT_VERSION = 5.0;
				TARGETED_DEVICE_FAMILY = "1,2";
			};
			name = Debug;
		};
		FB6F28E52C6FAB0E00201296 /* Release */ = {
			isa = XCBuildConfiguration;
			buildSettings = {
				ASSETCATALOG_COMPILER_APPICON_NAME = AppIcon;
				ASSETCATALOG_COMPILER_GLOBAL_ACCENT_COLOR_NAME = AccentColor;
				CODE_SIGN_STYLE = Automatic;
				CURRENT_PROJECT_VERSION = 1;
				DEVELOPMENT_ASSET_PATHS = "\"CARITAS_frontend/Preview Content\"";
				ENABLE_PREVIEWS = YES;
				GENERATE_INFOPLIST_FILE = YES;
				INFOPLIST_KEY_UIApplicationSceneManifest_Generation = YES;
				INFOPLIST_KEY_UIApplicationSupportsIndirectInputEvents = YES;
				INFOPLIST_KEY_UILaunchScreen_Generation = YES;
				INFOPLIST_KEY_UISupportedInterfaceOrientations_iPad = "UIInterfaceOrientationPortrait UIInterfaceOrientationPortraitUpsideDown UIInterfaceOrientationLandscapeLeft UIInterfaceOrientationLandscapeRight";
				INFOPLIST_KEY_UISupportedInterfaceOrientations_iPhone = "UIInterfaceOrientationPortrait UIInterfaceOrientationLandscapeLeft UIInterfaceOrientationLandscapeRight";
				LD_RUNPATH_SEARCH_PATHS = (
					"$(inherited)",
					"@executable_path/Frameworks",
				);
				MARKETING_VERSION = 1.0;
				PRODUCT_BUNDLE_IDENTIFIER = "tec.mx.CARITAS-frontend";
				PRODUCT_NAME = "$(TARGET_NAME)";
				SWIFT_EMIT_LOC_STRINGS = YES;
				SWIFT_VERSION = 5.0;
				TARGETED_DEVICE_FAMILY = "1,2";
			};
			name = Release;
		};
/* End XCBuildConfiguration section */

/* Begin XCConfigurationList section */
		FB6F28D02C6FAB0A00201296 /* Build configuration list for PBXProject "CARITAS_frontend" */ = {
			isa = XCConfigurationList;
			buildConfigurations = (
				FB6F28E12C6FAB0E00201296 /* Debug */,
				FB6F28E22C6FAB0E00201296 /* Release */,
			);
			defaultConfigurationIsVisible = 0;
			defaultConfigurationName = Release;
		};
		FB6F28E32C6FAB0E00201296 /* Build configuration list for PBXNativeTarget "CARITAS_frontend" */ = {
			isa = XCConfigurationList;
			buildConfigurations = (
				FB6F28E42C6FAB0E00201296 /* Debug */,
				FB6F28E52C6FAB0E00201296 /* Release */,
			);
			defaultConfigurationIsVisible = 0;
			defaultConfigurationName = Release;
		};
/* End XCConfigurationList section */
	};
	rootObject = FB6F28CD2C6FAB0A00201296 /* Project object */;
}
