// !$*UTF8*$!
{
	archiveVersion = 1;
	classes = {
	};
	objectVersion = 70;
	objects = {

/* Begin PBXBuildFile section */
		D085EA4F2C99BDE3006EA430 /* UsuarioModel.swift in Sources */ = {isa = PBXBuildFile; fileRef = D085EA4E2C99BDE3006EA430 /* UsuarioModel.swift */; };
		FB2767502C9DC94700970DA0 /* EventosModel.swift in Sources */ = {isa = PBXBuildFile; fileRef = FB27674F2C9DC94700970DA0 /* EventosModel.swift */; };
		FB2767522C9DC97D00970DA0 /* EventosViewModel.swift in Sources */ = {isa = PBXBuildFile; fileRef = FB2767512C9DC97D00970DA0 /* EventosViewModel.swift */; };
		FB3C1A3C2C9DD49300911822 /* HexColor.swift in Sources */ = {isa = PBXBuildFile; fileRef = FB3C1A3B2C9DD49300911822 /* HexColor.swift */; };
		FB45B1CE2CA1E32B00F1E269 /* isRegisteredInEvent.swift in Sources */ = {isa = PBXBuildFile; fileRef = FB45B1CD2CA1E2F100F1E269 /* isRegisteredInEvent.swift */; };
		FB6F28D92C6FAB0A00201296 /* CARITAS_frontendApp.swift in Sources */ = {isa = PBXBuildFile; fileRef = FB6F28D82C6FAB0A00201296 /* CARITAS_frontendApp.swift */; };
		FB6F28DD2C6FAB0E00201296 /* Assets.xcassets in Resources */ = {isa = PBXBuildFile; fileRef = FB6F28DC2C6FAB0E00201296 /* Assets.xcassets */; };
		FB6F28E02C6FAB0E00201296 /* Preview Assets.xcassets in Resources */ = {isa = PBXBuildFile; fileRef = FB6F28DF2C6FAB0E00201296 /* Preview Assets.xcassets */; };
		FBEE92D22CA2182900154469 /* UserData.swift in Sources */ = {isa = PBXBuildFile; fileRef = FBEE92D12CA2182100154469 /* UserData.swift */; };
/* End PBXBuildFile section */

/* Begin PBXFileReference section */
		D085EA4E2C99BDE3006EA430 /* UsuarioModel.swift */ = {isa = PBXFileReference; lastKnownFileType = sourcecode.swift; path = UsuarioModel.swift; sourceTree = "<group>"; };
		FB27674F2C9DC94700970DA0 /* EventosModel.swift */ = {isa = PBXFileReference; lastKnownFileType = sourcecode.swift; path = EventosModel.swift; sourceTree = "<group>"; };
		FB2767512C9DC97D00970DA0 /* EventosViewModel.swift */ = {isa = PBXFileReference; lastKnownFileType = sourcecode.swift; path = EventosViewModel.swift; sourceTree = "<group>"; };
		FB3C1A3B2C9DD49300911822 /* HexColor.swift */ = {isa = PBXFileReference; lastKnownFileType = sourcecode.swift; path = HexColor.swift; sourceTree = "<group>"; };
		FB45B1CD2CA1E2F100F1E269 /* isRegisteredInEvent.swift */ = {isa = PBXFileReference; lastKnownFileType = sourcecode.swift; path = isRegisteredInEvent.swift; sourceTree = "<group>"; };
		FB6F28D52C6FAB0A00201296 /* CARITAS_frontend.app */ = {isa = PBXFileReference; explicitFileType = wrapper.application; includeInIndex = 0; path = CARITAS_frontend.app; sourceTree = BUILT_PRODUCTS_DIR; };
		FB6F28D82C6FAB0A00201296 /* CARITAS_frontendApp.swift */ = {isa = PBXFileReference; lastKnownFileType = sourcecode.swift; path = CARITAS_frontendApp.swift; sourceTree = "<group>"; };
		FB6F28DC2C6FAB0E00201296 /* Assets.xcassets */ = {isa = PBXFileReference; lastKnownFileType = folder.assetcatalog; path = Assets.xcassets; sourceTree = "<group>"; };
		FB6F28DF2C6FAB0E00201296 /* Preview Assets.xcassets */ = {isa = PBXFileReference; lastKnownFileType = folder.assetcatalog; path = "Preview Assets.xcassets"; sourceTree = "<group>"; };
		FBEE92D12CA2182100154469 /* UserData.swift */ = {isa = PBXFileReference; lastKnownFileType = sourcecode.swift; path = UserData.swift; sourceTree = "<group>"; };
/* End PBXFileReference section */

/* Begin PBXFileSystemSynchronizedRootGroup section */
		FB27675A2C9DD12A00970DA0 /* Perfil */ = {isa = PBXFileSystemSynchronizedRootGroup; explicitFileTypes = {}; explicitFolders = (); path = Perfil; sourceTree = "<group>"; };
		FB27675B2C9DD16D00970DA0 /* Tienda */ = {isa = PBXFileSystemSynchronizedRootGroup; explicitFileTypes = {}; explicitFolders = (); path = Tienda; sourceTree = "<group>"; };
		FB27675C2C9DD19200970DA0 /* Login */ = {isa = PBXFileSystemSynchronizedRootGroup; explicitFileTypes = {}; explicitFolders = (); path = Login; sourceTree = "<group>"; };
		FB2767622C9DD1BF00970DA0 /* NavBar */ = {isa = PBXFileSystemSynchronizedRootGroup; explicitFileTypes = {}; explicitFolders = (); path = NavBar; sourceTree = "<group>"; };
		FB3C1A3A2C9DD45C00911822 /* Eventos */ = {isa = PBXFileSystemSynchronizedRootGroup; explicitFileTypes = {}; explicitFolders = (); path = Eventos; sourceTree = "<group>"; };
/* End PBXFileSystemSynchronizedRootGroup section */

/* Begin PBXFrameworksBuildPhase section */
		FB6F28D22C6FAB0A00201296 /* Frameworks */ = {
			isa = PBXFrameworksBuildPhase;
			buildActionMask = 2147483647;
			files = (
			);
			runOnlyForDeploymentPostprocessing = 0;
		};
/* End PBXFrameworksBuildPhase section */

/* Begin PBXGroup section */
		D085EA4D2C99BDCF006EA430 /* Model */ = {
			isa = PBXGroup;
			children = (
				FBEE92D12CA2182100154469 /* UserData.swift */,
				FB45B1CD2CA1E2F100F1E269 /* isRegisteredInEvent.swift */,
				D085EA4E2C99BDE3006EA430 /* UsuarioModel.swift */,
				FB27674F2C9DC94700970DA0 /* EventosModel.swift */,
				FB2767512C9DC97D00970DA0 /* EventosViewModel.swift */,
			);
			path = Model;
			sourceTree = "<group>";
		};
		FB6F28CC2C6FAB0A00201296 = {
			isa = PBXGroup;
			children = (
				FB6F28D72C6FAB0A00201296 /* CARITAS_frontend */,
				FB6F28D62C6FAB0A00201296 /* Products */,
			);
			sourceTree = "<group>";
		};
		FB6F28D62C6FAB0A00201296 /* Products */ = {
			isa = PBXGroup;
			children = (
				FB6F28D52C6FAB0A00201296 /* CARITAS_frontend.app */,
			);
			name = Products;
			sourceTree = "<group>";
		};
		FB6F28D72C6FAB0A00201296 /* CARITAS_frontend */ = {
			isa = PBXGroup;
			children = (
				D085EA4D2C99BDCF006EA430 /* Model */,
				FB27675A2C9DD12A00970DA0 /* Perfil */,
				FB27675B2C9DD16D00970DA0 /* Tienda */,
				FB27675C2C9DD19200970DA0 /* Login */,
				FB3C1A3A2C9DD45C00911822 /* Eventos */,
				FB2767622C9DD1BF00970DA0 /* NavBar */,
				FB6F28D82C6FAB0A00201296 /* CARITAS_frontendApp.swift */,
				FB3C1A3B2C9DD49300911822 /* HexColor.swift */,
				FB6F28DC2C6FAB0E00201296 /* Assets.xcassets */,
				FB6F28DE2C6FAB0E00201296 /* Preview Content */,
			);
			path = CARITAS_frontend;
			sourceTree = "<group>";
		};
		FB6F28DE2C6FAB0E00201296 /* Preview Content */ = {
			isa = PBXGroup;
			children = (
				FB6F28DF2C6FAB0E00201296 /* Preview Assets.xcassets */,
			);
			path = "Preview Content";
			sourceTree = "<group>";
		};
/* End PBXGroup section */

/* Begin PBXNativeTarget section */
		FB6F28D42C6FAB0A00201296 /* CARITAS_frontend */ = {
			isa = PBXNativeTarget;
			buildConfigurationList = FB6F28E32C6FAB0E00201296 /* Build configuration list for PBXNativeTarget "CARITAS_frontend" */;
			buildPhases = (
				FB6F28D12C6FAB0A00201296 /* Sources */,
				FB6F28D22C6FAB0A00201296 /* Frameworks */,
				FB6F28D32C6FAB0A00201296 /* Resources */,
			);
			buildRules = (
			);
			dependencies = (
			);
			fileSystemSynchronizedGroups = (
				FB27675A2C9DD12A00970DA0 /* Perfil */,
				FB27675B2C9DD16D00970DA0 /* Tienda */,
				FB27675C2C9DD19200970DA0 /* Login */,
				FB2767622C9DD1BF00970DA0 /* NavBar */,
				FB3C1A3A2C9DD45C00911822 /* Eventos */,
			);
			name = CARITAS_frontend;
			productName = CARITAS_frontend;
			productReference = FB6F28D52C6FAB0A00201296 /* CARITAS_frontend.app */;
			productType = "com.apple.product-type.application";
		};
/* End PBXNativeTarget section */

/* Begin PBXProject section */
		FB6F28CD2C6FAB0A00201296 /* Project object */ = {
			isa = PBXProject;
			attributes = {
				BuildIndependentTargetsInParallel = 1;
				LastSwiftUpdateCheck = 1540;
				LastUpgradeCheck = 1540;
				TargetAttributes = {
					FB6F28D42C6FAB0A00201296 = {
						CreatedOnToolsVersion = 15.4;
					};
				};
			};
			buildConfigurationList = FB6F28D02C6FAB0A00201296 /* Build configuration list for PBXProject "CARITAS_frontend" */;
			compatibilityVersion = "Xcode 14.0";
			developmentRegion = en;
			hasScannedForEncodings = 0;
			knownRegions = (
				en,
				Base,
			);
			mainGroup = FB6F28CC2C6FAB0A00201296;
			productRefGroup = FB6F28D62C6FAB0A00201296 /* Products */;
			projectDirPath = "";
			projectRoot = "";
			targets = (
				FB6F28D42C6FAB0A00201296 /* CARITAS_frontend */,
			);
		};
/* End PBXProject section */

/* Begin PBXResourcesBuildPhase section */
		FB6F28D32C6FAB0A00201296 /* Resources */ = {
			isa = PBXResourcesBuildPhase;
			buildActionMask = 2147483647;
			files = (
				FB6F28E02C6FAB0E00201296 /* Preview Assets.xcassets in Resources */,
				FB6F28DD2C6FAB0E00201296 /* Assets.xcassets in Resources */,
			);
			runOnlyForDeploymentPostprocessing = 0;
		};
/* End PBXResourcesBuildPhase section */

/* Begin PBXSourcesBuildPhase section */
		FB6F28D12C6FAB0A00201296 /* Sources */ = {
			isa = PBXSourcesBuildPhase;
			buildActionMask = 2147483647;
			files = (
				FB2767522C9DC97D00970DA0 /* EventosViewModel.swift in Sources */,
				FB2767502C9DC94700970DA0 /* EventosModel.swift in Sources */,
				D085EA4F2C99BDE3006EA430 /* UsuarioModel.swift in Sources */,
				FB45B1CE2CA1E32B00F1E269 /* isRegisteredInEvent.swift in Sources */,
				FB3C1A3C2C9DD49300911822 /* HexColor.swift in Sources */,
				FB6F28D92C6FAB0A00201296 /* CARITAS_frontendApp.swift in Sources */,
				FBEE92D22CA2182900154469 /* UserData.swift in Sources */,
			);
			runOnlyForDeploymentPostprocessing = 0;
		};
/* End PBXSourcesBuildPhase section */

/* Begin XCBuildConfiguration section */
		FB6F28E12C6FAB0E00201296 /* Debug */ = {
			isa = XCBuildConfiguration;
			buildSettings = {
				ALWAYS_SEARCH_USER_PATHS = NO;
				ASSETCATALOG_COMPILER_GENERATE_SWIFT_ASSET_SYMBOL_EXTENSIONS = YES;
				CLANG_ANALYZER_NONNULL = YES;
				CLANG_ANALYZER_NUMBER_OBJECT_CONVERSION = YES_AGGRESSIVE;
				CLANG_CXX_LANGUAGE_STANDARD = "gnu++20";
				CLANG_ENABLE_MODULES = YES;
				CLANG_ENABLE_OBJC_ARC = YES;
				CLANG_ENABLE_OBJC_WEAK = YES;
				CLANG_WARN_BLOCK_CAPTURE_AUTORELEASING = YES;
				CLANG_WARN_BOOL_CONVERSION = YES;
				CLANG_WARN_COMMA = YES;
				CLANG_WARN_CONSTANT_CONVERSION = YES;
				CLANG_WARN_DEPRECATED_OBJC_IMPLEMENTATIONS = YES;
				CLANG_WARN_DIRECT_OBJC_ISA_USAGE = YES_ERROR;
				CLANG_WARN_DOCUMENTATION_COMMENTS = YES;
				CLANG_WARN_EMPTY_BODY = YES;
				CLANG_WARN_ENUM_CONVERSION = YES;
				CLANG_WARN_INFINITE_RECURSION = YES;
				CLANG_WARN_INT_CONVERSION = YES;
				CLANG_WARN_NON_LITERAL_NULL_CONVERSION = YES;
				CLANG_WARN_OBJC_IMPLICIT_RETAIN_SELF = YES;
				CLANG_WARN_OBJC_LITERAL_CONVERSION = YES;
				CLANG_WARN_OBJC_ROOT_CLASS = YES_ERROR;
				CLANG_WARN_QUOTED_INCLUDE_IN_FRAMEWORK_HEADER = YES;
				CLANG_WARN_RANGE_LOOP_ANALYSIS = YES;
				CLANG_WARN_STRICT_PROTOTYPES = YES;
				CLANG_WARN_SUSPICIOUS_MOVE = YES;
				CLANG_WARN_UNGUARDED_AVAILABILITY = YES_AGGRESSIVE;
				CLANG_WARN_UNREACHABLE_CODE = YES;
				CLANG_WARN__DUPLICATE_METHOD_MATCH = YES;
				COPY_PHASE_STRIP = NO;
				DEBUG_INFORMATION_FORMAT = dwarf;
				ENABLE_STRICT_OBJC_MSGSEND = YES;
				ENABLE_TESTABILITY = YES;
				ENABLE_USER_SCRIPT_SANDBOXING = YES;
				GCC_C_LANGUAGE_STANDARD = gnu17;
				GCC_DYNAMIC_NO_PIC = NO;
				GCC_NO_COMMON_BLOCKS = YES;
				GCC_OPTIMIZATION_LEVEL = 0;
				GCC_PREPROCESSOR_DEFINITIONS = (
					"DEBUG=1",
					"$(inherited)",
				);
				GCC_WARN_64_TO_32_BIT_CONVERSION = YES;
				GCC_WARN_ABOUT_RETURN_TYPE = YES_ERROR;
				GCC_WARN_UNDECLARED_SELECTOR = YES;
				GCC_WARN_UNINITIALIZED_AUTOS = YES_AGGRESSIVE;
				GCC_WARN_UNUSED_FUNCTION = YES;
				GCC_WARN_UNUSED_VARIABLE = YES;
				IPHONEOS_DEPLOYMENT_TARGET = 17.5;
				LOCALIZATION_PREFERS_STRING_CATALOGS = YES;
				MTL_ENABLE_DEBUG_INFO = INCLUDE_SOURCE;
				MTL_FAST_MATH = YES;
				ONLY_ACTIVE_ARCH = YES;
				SDKROOT = iphoneos;
				SWIFT_ACTIVE_COMPILATION_CONDITIONS = "DEBUG $(inherited)";
				SWIFT_OPTIMIZATION_LEVEL = "-Onone";
			};
			name = Debug;
		};
		FB6F28E22C6FAB0E00201296 /* Release */ = {
			isa = XCBuildConfiguration;
			buildSettings = {
				ALWAYS_SEARCH_USER_PATHS = NO;
				ASSETCATALOG_COMPILER_GENERATE_SWIFT_ASSET_SYMBOL_EXTENSIONS = YES;
				CLANG_ANALYZER_NONNULL = YES;
				CLANG_ANALYZER_NUMBER_OBJECT_CONVERSION = YES_AGGRESSIVE;
				CLANG_CXX_LANGUAGE_STANDARD = "gnu++20";
				CLANG_ENABLE_MODULES = YES;
				CLANG_ENABLE_OBJC_ARC = YES;
				CLANG_ENABLE_OBJC_WEAK = YES;
				CLANG_WARN_BLOCK_CAPTURE_AUTORELEASING = YES;
				CLANG_WARN_BOOL_CONVERSION = YES;
				CLANG_WARN_COMMA = YES;
				CLANG_WARN_CONSTANT_CONVERSION = YES;
				CLANG_WARN_DEPRECATED_OBJC_IMPLEMENTATIONS = YES;
				CLANG_WARN_DIRECT_OBJC_ISA_USAGE = YES_ERROR;
				CLANG_WARN_DOCUMENTATION_COMMENTS = YES;
				CLANG_WARN_EMPTY_BODY = YES;
				CLANG_WARN_ENUM_CONVERSION = YES;
				CLANG_WARN_INFINITE_RECURSION = YES;
				CLANG_WARN_INT_CONVERSION = YES;
				CLANG_WARN_NON_LITERAL_NULL_CONVERSION = YES;
				CLANG_WARN_OBJC_IMPLICIT_RETAIN_SELF = YES;
				CLANG_WARN_OBJC_LITERAL_CONVERSION = YES;
				CLANG_WARN_OBJC_ROOT_CLASS = YES_ERROR;
				CLANG_WARN_QUOTED_INCLUDE_IN_FRAMEWORK_HEADER = YES;
				CLANG_WARN_RANGE_LOOP_ANALYSIS = YES;
				CLANG_WARN_STRICT_PROTOTYPES = YES;
				CLANG_WARN_SUSPICIOUS_MOVE = YES;
				CLANG_WARN_UNGUARDED_AVAILABILITY = YES_AGGRESSIVE;
				CLANG_WARN_UNREACHABLE_CODE = YES;
				CLANG_WARN__DUPLICATE_METHOD_MATCH = YES;
				COPY_PHASE_STRIP = NO;
				DEBUG_INFORMATION_FORMAT = "dwarf-with-dsym";
				ENABLE_NS_ASSERTIONS = NO;
				ENABLE_STRICT_OBJC_MSGSEND = YES;
				ENABLE_USER_SCRIPT_SANDBOXING = YES;
				GCC_C_LANGUAGE_STANDARD = gnu17;
				GCC_NO_COMMON_BLOCKS = YES;
				GCC_WARN_64_TO_32_BIT_CONVERSION = YES;
				GCC_WARN_ABOUT_RETURN_TYPE = YES_ERROR;
				GCC_WARN_UNDECLARED_SELECTOR = YES;
				GCC_WARN_UNINITIALIZED_AUTOS = YES_AGGRESSIVE;
				GCC_WARN_UNUSED_FUNCTION = YES;
				GCC_WARN_UNUSED_VARIABLE = YES;
				IPHONEOS_DEPLOYMENT_TARGET = 17.5;
				LOCALIZATION_PREFERS_STRING_CATALOGS = YES;
				MTL_ENABLE_DEBUG_INFO = NO;
				MTL_FAST_MATH = YES;
				SDKROOT = iphoneos;
				SWIFT_COMPILATION_MODE = wholemodule;
				VALIDATE_PRODUCT = YES;
			};
			name = Release;
		};
		FB6F28E42C6FAB0E00201296 /* Debug */ = {
			isa = XCBuildConfiguration;
			buildSettings = {
				ASSETCATALOG_COMPILER_APPICON_NAME = AppIcon;
				ASSETCATALOG_COMPILER_GLOBAL_ACCENT_COLOR_NAME = AccentColor;
				CODE_SIGN_STYLE = Automatic;
				CURRENT_PROJECT_VERSION = 1;
				DEVELOPMENT_ASSET_PATHS = "\"CARITAS_frontend/Preview Content\"";
				ENABLE_PREVIEWS = YES;
				GENERATE_INFOPLIST_FILE = YES;
				INFOPLIST_KEY_UIApplicationSceneManifest_Generation = YES;
				INFOPLIST_KEY_UIApplicationSupportsIndirectInputEvents = YES;
				INFOPLIST_KEY_UILaunchScreen_Generation = YES;
				INFOPLIST_KEY_UISupportedInterfaceOrientations_iPad = "UIInterfaceOrientationPortrait UIInterfaceOrientationPortraitUpsideDown UIInterfaceOrientationLandscapeLeft UIInterfaceOrientationLandscapeRight";
				INFOPLIST_KEY_UISupportedInterfaceOrientations_iPhone = "UIInterfaceOrientationPortrait UIInterfaceOrientationLandscapeLeft UIInterfaceOrientationLandscapeRight";
				LD_RUNPATH_SEARCH_PATHS = (
					"$(inherited)",
					"@executable_path/Frameworks",
				);
				MARKETING_VERSION = 1.0;
				PRODUCT_BUNDLE_IDENTIFIER = "tec.mx.CARITAS-frontend";
				PRODUCT_NAME = "$(TARGET_NAME)";
				SWIFT_EMIT_LOC_STRINGS = YES;
				SWIFT_VERSION = 5.0;
				TARGETED_DEVICE_FAMILY = "1,2";
			};
			name = Debug;
		};
		FB6F28E52C6FAB0E00201296 /* Release */ = {
			isa = XCBuildConfiguration;
			buildSettings = {
				ASSETCATALOG_COMPILER_APPICON_NAME = AppIcon;
				ASSETCATALOG_COMPILER_GLOBAL_ACCENT_COLOR_NAME = AccentColor;
				CODE_SIGN_STYLE = Automatic;
				CURRENT_PROJECT_VERSION = 1;
				DEVELOPMENT_ASSET_PATHS = "\"CARITAS_frontend/Preview Content\"";
				ENABLE_PREVIEWS = YES;
				GENERATE_INFOPLIST_FILE = YES;
				INFOPLIST_KEY_UIApplicationSceneManifest_Generation = YES;
				INFOPLIST_KEY_UIApplicationSupportsIndirectInputEvents = YES;
				INFOPLIST_KEY_UILaunchScreen_Generation = YES;
				INFOPLIST_KEY_UISupportedInterfaceOrientations_iPad = "UIInterfaceOrientationPortrait UIInterfaceOrientationPortraitUpsideDown UIInterfaceOrientationLandscapeLeft UIInterfaceOrientationLandscapeRight";
				INFOPLIST_KEY_UISupportedInterfaceOrientations_iPhone = "UIInterfaceOrientationPortrait UIInterfaceOrientationLandscapeLeft UIInterfaceOrientationLandscapeRight";
				LD_RUNPATH_SEARCH_PATHS = (
					"$(inherited)",
					"@executable_path/Frameworks",
				);
				MARKETING_VERSION = 1.0;
				PRODUCT_BUNDLE_IDENTIFIER = "tec.mx.CARITAS-frontend";
				PRODUCT_NAME = "$(TARGET_NAME)";
				SWIFT_EMIT_LOC_STRINGS = YES;
				SWIFT_VERSION = 5.0;
				TARGETED_DEVICE_FAMILY = "1,2";
			};
			name = Release;
		};
/* End XCBuildConfiguration section */

/* Begin XCConfigurationList section */
		FB6F28D02C6FAB0A00201296 /* Build configuration list for PBXProject "CARITAS_frontend" */ = {
			isa = XCConfigurationList;
			buildConfigurations = (
				FB6F28E12C6FAB0E00201296 /* Debug */,
				FB6F28E22C6FAB0E00201296 /* Release */,
			);
			defaultConfigurationIsVisible = 0;
			defaultConfigurationName = Release;
		};
		FB6F28E32C6FAB0E00201296 /* Build configuration list for PBXNativeTarget "CARITAS_frontend" */ = {
			isa = XCConfigurationList;
			buildConfigurations = (
				FB6F28E42C6FAB0E00201296 /* Debug */,
				FB6F28E52C6FAB0E00201296 /* Release */,
			);
			defaultConfigurationIsVisible = 0;
			defaultConfigurationName = Release;
		};
/* End XCConfigurationList section */
	};
	rootObject = FB6F28CD2C6FAB0A00201296 /* Project object */;
}
